
Microsoft Visual Studio Solution File, Format Version 12.00
# Visual Studio Version 17
VisualStudioVersion = 17.4.33103.184
MinimumVisualStudioVersion = 10.0.40219.1
Project("{FAE04EC0-301F-11D3-BF4B-00C04F79EFBC}") = "Filmy", "Filmy\Filmy.csproj", "{AB2D3676-24CD-4B78-81F6-2B6375CAFF85}"
EndProject
Global
	GlobalSection(SolutionConfigurationPlatforms) = preSolution
		Debug|Any CPU = Debug|Any CPU
		Release|Any CPU = Release|Any CPU
	EndGlobalSection
	GlobalSection(ProjectConfigurationPlatforms) = postSolution
		{AB2D3676-24CD-4B78-81F6-2B6375CAFF85}.Debug|Any CPU.ActiveCfg = Debug|Any CPU
		{AB2D3676-24CD-4B78-81F6-2B6375CAFF85}.Debug|Any CPU.Build.0 = Debug|Any CPU
		{AB2D3676-24CD-4B78-81F6-2B6375CAFF85}.Release|Any CPU.ActiveCfg = Release|Any CPU
		{AB2D3676-24CD-4B78-81F6-2B6375CAFF85}.Release|Any CPU.Build.0 = Release|Any CPU
	EndGlobalSection
	GlobalSection(SolutionProperties) = preSolution
		HideSolutionNode = FALSE
	EndGlobalSection
	GlobalSection(ExtensibilityGlobals) = postSolution
		SolutionGuid = {407950F5-ED20-400B-8F09-EEC211E6A89B}
	EndGlobalSection
EndGlobal
